// !$*UTF8*$!
{
	archiveVersion = 1;
	classes = {
	};
	objectVersion = 77;
	objects = {

/* Begin PBXBuildFile section */
		BB0000000000000000000021 /* CompanionProtocol in Frameworks */ = {isa = PBXBuildFile; productRef = BB0000000000000000000011 /* CompanionProtocol */; };
		BB0000000000000000000022 /* CompanionCrypto in Frameworks */ = {isa = PBXBuildFile; productRef = BB0000000000000000000012 /* CompanionCrypto */; };
		BB0000000000000000000023 /* MacBridgeCore in Frameworks */ = {isa = PBXBuildFile; productRef = BB0000000000000000000013 /* MacBridgeCore */; };
		BB0000000000000000000024 /* MacBridgeServer in Frameworks */ = {isa = PBXBuildFile; productRef = BB0000000000000000000014 /* MacBridgeServer */; };
		BB0000000000000000000025 /* CodexAppServer in Frameworks */ = {isa = PBXBuildFile; productRef = BB0000000000000000000015 /* CodexAppServer */; };
/* End PBXBuildFile section */

/* Begin PBXFileReference section */
		BB0000000000000000000005 /* CodexMicroBridge.app */ = {isa = PBXFileReference; explicitFileType = wrapper.application; includeInIndex = 0; path = CodexMicroBridge.app; sourceTree = BUILT_PRODUCTS_DIR; };
		BB0000000000000000000016 /* CodexMicroBridge.entitlements */ = {isa = PBXFileReference; lastKnownFileType = text.plist.entitlements; path = CodexMicroBridge.entitlements; sourceTree = "<group>"; };
/* End PBXFileReference section */

/* Begin PBXFileSystemSynchronizedBuildFileExceptionSet section */
		BB0000000000000000000017 /* Exceptions */ = {
			isa = PBXFileSystemSynchronizedBuildFileExceptionSet;
			membershipExceptions = (
				Info.plist,
			);
			target = BB0000000000000000000004 /* CodexMicroBridge */;
		};
/* End PBXFileSystemSynchronizedBuildFileExceptionSet section */

/* Begin PBXFileSystemSynchronizedRootGroup section */
		BB0000000000000000000006 /* CodexMicroBridge */ = {
			isa = PBXFileSystemSynchronizedRootGroup;
			exceptions = (
				BB0000000000000000000017 /* Exceptions */,
			);
			path = ../Sources/CodexMicroBridge;
			sourceTree = "<group>";
		};
/* End PBXFileSystemSynchronizedRootGroup section */

/* Begin PBXFrameworksBuildPhase section */
		BB0000000000000000000008 /* Frameworks */ = {
			isa = PBXFrameworksBuildPhase;
			buildActionMask = 2147483647;
			files = (
				BB0000000000000000000021 /* CompanionProtocol in Frameworks */,
				BB0000000000000000000022 /* CompanionCrypto in Frameworks */,
				BB0000000000000000000023 /* MacBridgeCore in Frameworks */,
				BB0000000000000000000024 /* MacBridgeServer in Frameworks */,
				BB0000000000000000000025 /* CodexAppServer in Frameworks */,
			);
			runOnlyForDeploymentPostprocessing = 0;
		};
/* End PBXFrameworksBuildPhase section */

/* Begin PBXGroup section */
		BB0000000000000000000002 = {
			isa = PBXGroup;
			children = (
				BB0000000000000000000016 /* CodexMicroBridge.entitlements */,
				BB0000000000000000000006 /* CodexMicroBridge */,
				BB0000000000000000000003 /* Products */,
			);
			sourceTree = "<group>";
		};
		BB0000000000000000000003 /* Products */ = {
			isa = PBXGroup;
			children = (
				BB0000000000000000000005 /* CodexMicroBridge.app */,
			);
			name = Products;
			sourceTree = "<group>";
		};
/* End PBXGroup section */

/* Begin PBXNativeTarget section */
		BB0000000000000000000004 /* CodexMicroBridge */ = {
			isa = PBXNativeTarget;
			buildConfigurationList = BB000000000000000000000D /* Build configuration list for PBXNativeTarget "CodexMicroBridge" */;
			buildPhases = (
				BB0000000000000000000007 /* Sources */,
				BB0000000000000000000008 /* Frameworks */,
				BB0000000000000000000009 /* Resources */,
			);
			buildRules = (
			);
			dependencies = (
			);
			fileSystemSynchronizedGroups = (
				BB0000000000000000000006 /* CodexMicroBridge */,
			);
			name = CodexMicroBridge;
			packageProductDependencies = (
				BB0000000000000000000011 /* CompanionProtocol */,
				BB0000000000000000000012 /* CompanionCrypto */,
				BB0000000000000000000013 /* MacBridgeCore */,
				BB0000000000000000000014 /* MacBridgeServer */,
				BB0000000000000000000015 /* CodexAppServer */,
			);
			productName = CodexMicroBridge;
			productReference = BB0000000000000000000005 /* CodexMicroBridge.app */;
			productType = "com.apple.product-type.application";
		};
/* End PBXNativeTarget section */

/* Begin PBXProject section */
		BB0000000000000000000001 /* Project object */ = {
			isa = PBXProject;
			attributes = {
				BuildIndependentTargetsInParallel = 1;
				LastSwiftUpdateCheck = 2700;
				LastUpgradeCheck = 2700;
				TargetAttributes = {
					BB0000000000000000000004 = {
						CreatedOnToolsVersion = 27.0;
					};
				};
			};
			buildConfigurationList = BB000000000000000000000A /* Build configuration list for PBXProject "CodexMicroBridge" */;
			developmentRegion = en;
			hasScannedForEncodings = 0;
			knownRegions = (
				en,
				Base,
			);
			mainGroup = BB0000000000000000000002;
			minimizedProjectReferenceProxies = 1;
			packageReferences = (
				BB0000000000000000000010 /* XCLocalSwiftPackageReference ".." */,
			);
			preferredProjectObjectVersion = 77;
			productRefGroup = BB0000000000000000000003 /* Products */;
			projectDirPath = "";
			projectRoot = "";
			targets = (
				BB0000000000000000000004 /* CodexMicroBridge */,
			);
		};
/* End PBXProject section */

/* Begin PBXResourcesBuildPhase section */
		BB0000000000000000000009 /* Resources */ = {
			isa = PBXResourcesBuildPhase;
			buildActionMask = 2147483647;
			files = (
			);
			runOnlyForDeploymentPostprocessing = 0;
		};
/* End PBXResourcesBuildPhase section */

/* Begin PBXSourcesBuildPhase section */
		BB0000000000000000000007 /* Sources */ = {
			isa = PBXSourcesBuildPhase;
			buildActionMask = 2147483647;
			files = (
			);
			runOnlyForDeploymentPostprocessing = 0;
		};
/* End PBXSourcesBuildPhase section */

/* Begin XCBuildConfiguration section */
		BB000000000000000000000B /* Debug */ = {
			isa = XCBuildConfiguration;
			buildSettings = {
				ALWAYS_SEARCH_USER_PATHS = NO;
				CLANG_ENABLE_OBJC_WEAK = YES;
				COPY_PHASE_STRIP = NO;
				DEBUG_INFORMATION_FORMAT = dwarf;
				ENABLE_STRICT_OBJC_MSGSEND = YES;
				ENABLE_TESTABILITY = YES;
				GCC_OPTIMIZATION_LEVEL = 0;
				MACOSX_DEPLOYMENT_TARGET = 14.0;
				MTL_ENABLE_DEBUG_INFO = INCLUDE_SOURCE;
				ONLY_ACTIVE_ARCH = YES;
				SDKROOT = macosx;
				SWIFT_ACTIVE_COMPILATION_CONDITIONS = "DEBUG $(inherited)";
				SWIFT_OPTIMIZATION_LEVEL = "-Onone";
				SWIFT_VERSION = 6.0;
			};
			name = Debug;
		};
		BB000000000000000000000C /* Release */ = {
			isa = XCBuildConfiguration;
			buildSettings = {
				ALWAYS_SEARCH_USER_PATHS = NO;
				CLANG_ENABLE_OBJC_WEAK = YES;
				COPY_PHASE_STRIP = NO;
				DEBUG_INFORMATION_FORMAT = "dwarf-with-dsym";
				ENABLE_NS_ASSERTIONS = NO;
				ENABLE_STRICT_OBJC_MSGSEND = YES;
				MACOSX_DEPLOYMENT_TARGET = 14.0;
				MTL_ENABLE_DEBUG_INFO = NO;
				SDKROOT = macosx;
				SWIFT_COMPILATION_MODE = wholemodule;
				SWIFT_VERSION = 6.0;
			};
			name = Release;
		};
		BB000000000000000000000E /* Debug */ = {
			isa = XCBuildConfiguration;
			buildSettings = {
				CODE_SIGN_ENTITLEMENTS = CodexMicroBridge.entitlements;
				CODE_SIGN_STYLE = Automatic;
				COMBINE_HIDPI_IMAGES = YES;
				CURRENT_PROJECT_VERSION = 1;
				DEVELOPMENT_TEAM = 8QSM298XJ2;
				ENABLE_HARDENED_RUNTIME = YES;
				GENERATE_INFOPLIST_FILE = NO;
				INFOPLIST_FILE = "../Sources/CodexMicroBridge/Info.plist";
				LD_RUNPATH_SEARCH_PATHS = (
					"$(inherited)",
					"@executable_path/../Frameworks",
				);
				MARKETING_VERSION = 0.1;
				PRODUCT_BUNDLE_IDENTIFIER = com.codexmicro.bridge;
				PRODUCT_NAME = "$(TARGET_NAME)";
				SWIFT_VERSION = 6.0;
			};
			name = Debug;
		};
		BB000000000000000000000F /* Release */ = {
			isa = XCBuildConfiguration;
			buildSettings = {
				CODE_SIGN_ENTITLEMENTS = CodexMicroBridge.entitlements;
				CODE_SIGN_STYLE = Automatic;
				COMBINE_HIDPI_IMAGES = YES;
				CURRENT_PROJECT_VERSION = 1;
				DEVELOPMENT_TEAM = 8QSM298XJ2;
				ENABLE_HARDENED_RUNTIME = YES;
				GENERATE_INFOPLIST_FILE = NO;
				INFOPLIST_FILE = "../Sources/CodexMicroBridge/Info.plist";
				LD_RUNPATH_SEARCH_PATHS = (
					"$(inherited)",
					"@executable_path/../Frameworks",
				);
				MARKETING_VERSION = 0.1;
				PRODUCT_BUNDLE_IDENTIFIER = com.codexmicro.bridge;
				PRODUCT_NAME = "$(TARGET_NAME)";
				SWIFT_VERSION = 6.0;
			};
			name = Release;
		};
/* End XCBuildConfiguration section */

/* Begin XCConfigurationList section */
		BB000000000000000000000A /* Build configuration list for PBXProject "CodexMicroBridge" */ = {
			isa = XCConfigurationList;
			buildConfigurations = (
				BB000000000000000000000B /* Debug */,
				BB000000000000000000000C /* Release */,
			);
			defaultConfigurationIsVisible = 0;
			defaultConfigurationName = Release;
		};
		BB000000000000000000000D /* Build configuration list for PBXNativeTarget "CodexMicroBridge" */ = {
			isa = XCConfigurationList;
			buildConfigurations = (
				BB000000000000000000000E /* Debug */,
				BB000000000000000000000F /* Release */,
			);
			defaultConfigurationIsVisible = 0;
			defaultConfigurationName = Release;
		};
/* End XCConfigurationList section */

/* Begin XCLocalSwiftPackageReference section */
		BB0000000000000000000010 /* XCLocalSwiftPackageReference ".." */ = {
			isa = XCLocalSwiftPackageReference;
			relativePath = ..;
		};
/* End XCLocalSwiftPackageReference section */

/* Begin XCSwiftPackageProductDependency section */
		BB0000000000000000000011 /* CompanionProtocol */ = {
			isa = XCSwiftPackageProductDependency;
			productName = CompanionProtocol;
		};
		BB0000000000000000000012 /* CompanionCrypto */ = {
			isa = XCSwiftPackageProductDependency;
			productName = CompanionCrypto;
		};
		BB0000000000000000000013 /* MacBridgeCore */ = {
			isa = XCSwiftPackageProductDependency;
			productName = MacBridgeCore;
		};
		BB0000000000000000000014 /* MacBridgeServer */ = {
			isa = XCSwiftPackageProductDependency;
			productName = MacBridgeServer;
		};
		BB0000000000000000000015 /* CodexAppServer */ = {
			isa = XCSwiftPackageProductDependency;
			productName = CodexAppServer;
		};
/* End XCSwiftPackageProductDependency section */
	};
	rootObject = BB0000000000000000000001 /* Project object */;
}
